
Microsoft Visual Studio Solution File, Format Version 12.00
# Visual Studio Version 17
VisualStudioVersion = 17.14.35806.103 d17.14
MinimumVisualStudioVersion = 10.0.40219.1
Project("{FAE04EC0-301F-11D3-BF4B-00C04F79EFBC}") = "ContactList", "ContactList\ContactList.csproj", "{B95CF816-A009-4937-B922-09FECDB6B0DF}"
EndProject
Global
	GlobalSection(SolutionConfigurationPlatforms) = preSolution
		Debug|Any CPU = Debug|Any CPU
		Release|Any CPU = Release|Any CPU
	EndGlobalSection
	GlobalSection(ProjectConfigurationPlatforms) = postSolution
		{B95CF816-A009-4937-B922-09FECDB6B0DF}.Debug|Any CPU.ActiveCfg = Debug|Any CPU
		{B95CF816-A009-4937-B922-09FECDB6B0DF}.Debug|Any CPU.Build.0 = Debug|Any CPU
		{B95CF816-A009-4937-B922-09FECDB6B0DF}.Release|Any CPU.ActiveCfg = Release|Any CPU
		{B95CF816-A009-4937-B922-09FECDB6B0DF}.Release|Any CPU.Build.0 = Release|Any CPU
	EndGlobalSection
	GlobalSection(SolutionProperties) = preSolution
		HideSolutionNode = FALSE
	EndGlobalSection
	GlobalSection(ExtensibilityGlobals) = postSolution
		SolutionGuid = {BF41A99D-7C59-4976-85C2-7D6E1A1D5DF7}
	EndGlobalSection
EndGlobal
